
Microsoft Visual Studio Solution File, Format Version 12.00
# Visual Studio Version 17
VisualStudioVersion = 17.13.35913.81 d17.13
MinimumVisualStudioVersion = 10.0.40219.1
Project("{FAE04EC0-301F-11D3-BF4B-00C04F79EFBC}") = "console-fantasy-battle-simulator", "console-fantasy-battle-simulator\console-fantasy-battle-simulator.csproj", "{9379A451-EEC1-4914-A468-3F736F5C5675}"
EndProject
Global
	GlobalSection(SolutionConfigurationPlatforms) = preSolution
		Debug|Any CPU = Debug|Any CPU
		Release|Any CPU = Release|Any CPU
	EndGlobalSection
	GlobalSection(ProjectConfigurationPlatforms) = postSolution
		{9379A451-EEC1-4914-A468-3F736F5C5675}.Debug|Any CPU.ActiveCfg = Debug|Any CPU
		{9379A451-EEC1-4914-A468-3F736F5C5675}.Debug|Any CPU.Build.0 = Debug|Any CPU
		{9379A451-EEC1-4914-A468-3F736F5C5675}.Release|Any CPU.ActiveCfg = Release|Any CPU
		{9379A451-EEC1-4914-A468-3F736F5C5675}.Release|Any CPU.Build.0 = Release|Any CPU
	EndGlobalSection
	GlobalSection(SolutionProperties) = preSolution
		HideSolutionNode = FALSE
	EndGlobalSection
	GlobalSection(ExtensibilityGlobals) = postSolution
		SolutionGuid = {39B809C8-ED33-434F-9633-1FD0B778B1C0}
	EndGlobalSection
EndGlobal
